
Microsoft Visual Studio Solution File, Format Version 12.00
# Visual Studio Version 17
VisualStudioVersion = 17.13.35919.96 d17.13
MinimumVisualStudioVersion = 10.0.40219.1
Project("{FAE04EC0-301F-11D3-BF4B-00C04F79EFBC}") = "CodeGame", "CodeGame\CodeGame.csproj", "{766DF0DC-CB89-4405-A78B-4C7A10E22448}"
EndProject
Global
	GlobalSection(SolutionConfigurationPlatforms) = preSolution
		Debug|Any CPU = Debug|Any CPU
		Release|Any CPU = Release|Any CPU
	EndGlobalSection
	GlobalSection(ProjectConfigurationPlatforms) = postSolution
		{766DF0DC-CB89-4405-A78B-4C7A10E22448}.Debug|Any CPU.ActiveCfg = Debug|Any CPU
		{766DF0DC-CB89-4405-A78B-4C7A10E22448}.Debug|Any CPU.Build.0 = Debug|Any CPU
		{766DF0DC-CB89-4405-A78B-4C7A10E22448}.Release|Any CPU.ActiveCfg = Release|Any CPU
		{766DF0DC-CB89-4405-A78B-4C7A10E22448}.Release|Any CPU.Build.0 = Release|Any CPU
	EndGlobalSection
	GlobalSection(SolutionProperties) = preSolution
		HideSolutionNode = FALSE
	EndGlobalSection
	GlobalSection(ExtensibilityGlobals) = postSolution
		SolutionGuid = {FD42C7AA-293E-4E93-858A-7D6FC245C85A}
	EndGlobalSection
EndGlobal
