
Microsoft Visual Studio Solution File, Format Version 12.00
# Visual Studio Version 17
VisualStudioVersion = 17.13.35919.96 d17.13
MinimumVisualStudioVersion = 10.0.40219.1
Project("{FAE04EC0-301F-11D3-BF4B-00C04F79EFBC}") = "C25_02", "C25_02\C25_02.csproj", "{01955FFA-3B50-4AE1-BAB9-DD178D8AFB78}"
EndProject
Global
	GlobalSection(SolutionConfigurationPlatforms) = preSolution
		Debug|Any CPU = Debug|Any CPU
		Release|Any CPU = Release|Any CPU
	EndGlobalSection
	GlobalSection(ProjectConfigurationPlatforms) = postSolution
		{01955FFA-3B50-4AE1-BAB9-DD178D8AFB78}.Debug|Any CPU.ActiveCfg = Debug|Any CPU
		{01955FFA-3B50-4AE1-BAB9-DD178D8AFB78}.Debug|Any CPU.Build.0 = Debug|Any CPU
		{01955FFA-3B50-4AE1-BAB9-DD178D8AFB78}.Release|Any CPU.ActiveCfg = Release|Any CPU
		{01955FFA-3B50-4AE1-BAB9-DD178D8AFB78}.Release|Any CPU.Build.0 = Release|Any CPU
	EndGlobalSection
	GlobalSection(SolutionProperties) = preSolution
		HideSolutionNode = FALSE
	EndGlobalSection
	GlobalSection(ExtensibilityGlobals) = postSolution
		SolutionGuid = {567B17E7-FDBC-4A97-AE7F-19AA87E0C55A}
	EndGlobalSection
EndGlobal
